
Microsoft Visual Studio Solution File, Format Version 12.00
# Visual Studio Version 17
VisualStudioVersion = 17.12.35417.141 d17.12
MinimumVisualStudioVersion = 10.0.40219.1
Project("{FAE04EC0-301F-11D3-BF4B-00C04F79EFBC}") = "Identity.API", "Identity.API\Identity.API.csproj", "{AA45EE39-25CB-4108-A06E-4266A82CEC54}"
EndProject
Project("{FAE04EC0-301F-11D3-BF4B-00C04F79EFBC}") = "Identity.Core", "Identity.Core\Identity.Core.csproj", "{05FC705D-92F9-48AD-80B1-CDDA31B87C65}"
EndProject
Project("{FAE04EC0-301F-11D3-BF4B-00C04F79EFBC}") = "Identity.EF", "Identity.EF\Identity.EF.csproj", "{8F69B671-2A78-423B-A151-EEADE29F2CF1}"
EndProject
Global
	GlobalSection(SolutionConfigurationPlatforms) = preSolution
		Debug|Any CPU = Debug|Any CPU
		Release|Any CPU = Release|Any CPU
	EndGlobalSection
	GlobalSection(ProjectConfigurationPlatforms) = postSolution
		{AA45EE39-25CB-4108-A06E-4266A82CEC54}.Debug|Any CPU.ActiveCfg = Debug|Any CPU
		{AA45EE39-25CB-4108-A06E-4266A82CEC54}.Debug|Any CPU.Build.0 = Debug|Any CPU
		{AA45EE39-25CB-4108-A06E-4266A82CEC54}.Release|Any CPU.ActiveCfg = Release|Any CPU
		{AA45EE39-25CB-4108-A06E-4266A82CEC54}.Release|Any CPU.Build.0 = Release|Any CPU
		{05FC705D-92F9-48AD-80B1-CDDA31B87C65}.Debug|Any CPU.ActiveCfg = Debug|Any CPU
		{05FC705D-92F9-48AD-80B1-CDDA31B87C65}.Debug|Any CPU.Build.0 = Debug|Any CPU
		{05FC705D-92F9-48AD-80B1-CDDA31B87C65}.Release|Any CPU.ActiveCfg = Release|Any CPU
		{05FC705D-92F9-48AD-80B1-CDDA31B87C65}.Release|Any CPU.Build.0 = Release|Any CPU
		{8F69B671-2A78-423B-A151-EEADE29F2CF1}.Debug|Any CPU.ActiveCfg = Debug|Any CPU
		{8F69B671-2A78-423B-A151-EEADE29F2CF1}.Debug|Any CPU.Build.0 = Debug|Any CPU
		{8F69B671-2A78-423B-A151-EEADE29F2CF1}.Release|Any CPU.ActiveCfg = Release|Any CPU
		{8F69B671-2A78-423B-A151-EEADE29F2CF1}.Release|Any CPU.Build.0 = Release|Any CPU
	EndGlobalSection
	GlobalSection(SolutionProperties) = preSolution
		HideSolutionNode = FALSE
	EndGlobalSection
EndGlobal
